// !$*UTF8*$!
{
	archiveVersion = 1;
	classes = {
	};
	objectVersion = 55;
	objects = {

/* Begin PBXBuildFile section */
		3004F7E528DB337200928F12 /* World_Cup_LegendsApp.swift in Sources */ = {isa = PBXBuildFile; fileRef = 3004F7E428DB337200928F12 /* World_Cup_LegendsApp.swift */; };
		3004F7E728DB337200928F12 /* ContentView.swift in Sources */ = {isa = PBXBuildFile; fileRef = 3004F7E628DB337200928F12 /* ContentView.swift */; };
		3004F7E928DB337400928F12 /* Assets.xcassets in Resources */ = {isa = PBXBuildFile; fileRef = 3004F7E828DB337400928F12 /* Assets.xcassets */; };
		3004F7EC28DB337400928F12 /* Preview Assets.xcassets in Resources */ = {isa = PBXBuildFile; fileRef = 3004F7EB28DB337400928F12 /* Preview Assets.xcassets */; };
		3004F7F328DB33EE00928F12 /* GameOn.swift in Sources */ = {isa = PBXBuildFile; fileRef = 3004F7F228DB33EE00928F12 /* GameOn.swift */; };
		3004F7F528DB385800928F12 /* Question.swift in Sources */ = {isa = PBXBuildFile; fileRef = 3004F7F428DB385800928F12 /* Question.swift */; };
		3004F7F728DB39A500928F12 /* QuizBrain.swift in Sources */ = {isa = PBXBuildFile; fileRef = 3004F7F628DB39A500928F12 /* QuizBrain.swift */; };
		300E274728F9B8B3004BCEEA /* LevelsBrain.swift in Sources */ = {isa = PBXBuildFile; fileRef = 300E274628F9B8B3004BCEEA /* LevelsBrain.swift */; };
		306884A528DCE644000A001D /* Menu.swift in Sources */ = {isa = PBXBuildFile; fileRef = 306884A428DCE644000A001D /* Menu.swift */; };
		306884A928DCEC0E000A001D /* Store.swift in Sources */ = {isa = PBXBuildFile; fileRef = 306884A828DCEC0E000A001D /* Store.swift */; };
		306884AB28DCEDD2000A001D /* Stats.swift in Sources */ = {isa = PBXBuildFile; fileRef = 306884AA28DCEDD2000A001D /* Stats.swift */; };
		30CBF48528DDBB2400AF6E9F /* QuizLevels.swift in Sources */ = {isa = PBXBuildFile; fileRef = 30CBF48428DDBB2400AF6E9F /* QuizLevels.swift */; };
		30CBF48728DDC43700AF6E9F /* LevelsView.swift in Sources */ = {isa = PBXBuildFile; fileRef = 30CBF48628DDC43700AF6E9F /* LevelsView.swift */; };
		30CBF48D28DE2F4100AF6E9F /* Level.swift in Sources */ = {isa = PBXBuildFile; fileRef = 30CBF48C28DE2F4100AF6E9F /* Level.swift */; };
		30DD449228DF26D9007ECFB2 /* Gold.swift in Sources */ = {isa = PBXBuildFile; fileRef = 30DD449128DF26D9007ECFB2 /* Gold.swift */; };
/* End PBXBuildFile section */

/* Begin PBXFileReference section */
		3004F7E128DB337200928F12 /* World Cup Legends.app */ = {isa = PBXFileReference; explicitFileType = wrapper.application; includeInIndex = 0; path = "World Cup Legends.app"; sourceTree = BUILT_PRODUCTS_DIR; };
		3004F7E428DB337200928F12 /* World_Cup_LegendsApp.swift */ = {isa = PBXFileReference; lastKnownFileType = sourcecode.swift; path = World_Cup_LegendsApp.swift; sourceTree = "<group>"; };
		3004F7E628DB337200928F12 /* ContentView.swift */ = {isa = PBXFileReference; lastKnownFileType = sourcecode.swift; path = ContentView.swift; sourceTree = "<group>"; };
		3004F7E828DB337400928F12 /* Assets.xcassets */ = {isa = PBXFileReference; lastKnownFileType = folder.assetcatalog; path = Assets.xcassets; sourceTree = "<group>"; };
		3004F7EB28DB337400928F12 /* Preview Assets.xcassets */ = {isa = PBXFileReference; lastKnownFileType = folder.assetcatalog; path = "Preview Assets.xcassets"; sourceTree = "<group>"; };
		3004F7F228DB33EE00928F12 /* GameOn.swift */ = {isa = PBXFileReference; lastKnownFileType = sourcecode.swift; path = GameOn.swift; sourceTree = "<group>"; };
		3004F7F428DB385800928F12 /* Question.swift */ = {isa = PBXFileReference; lastKnownFileType = sourcecode.swift; path = Question.swift; sourceTree = "<group>"; };
		3004F7F628DB39A500928F12 /* QuizBrain.swift */ = {isa = PBXFileReference; lastKnownFileType = sourcecode.swift; path = QuizBrain.swift; sourceTree = "<group>"; };
		300E274628F9B8B3004BCEEA /* LevelsBrain.swift */ = {isa = PBXFileReference; lastKnownFileType = sourcecode.swift; path = LevelsBrain.swift; sourceTree = "<group>"; };
		306884A428DCE644000A001D /* Menu.swift */ = {isa = PBXFileReference; lastKnownFileType = sourcecode.swift; path = Menu.swift; sourceTree = "<group>"; };
		306884A828DCEC0E000A001D /* Store.swift */ = {isa = PBXFileReference; lastKnownFileType = sourcecode.swift; path = Store.swift; sourceTree = "<group>"; };
		306884AA28DCEDD2000A001D /* Stats.swift */ = {isa = PBXFileReference; lastKnownFileType = sourcecode.swift; path = Stats.swift; sourceTree = "<group>"; };
		30CBF48428DDBB2400AF6E9F /* QuizLevels.swift */ = {isa = PBXFileReference; lastKnownFileType = sourcecode.swift; path = QuizLevels.swift; sourceTree = "<group>"; };
		30CBF48628DDC43700AF6E9F /* LevelsView.swift */ = {isa = PBXFileReference; lastKnownFileType = sourcecode.swift; path = LevelsView.swift; sourceTree = "<group>"; };
		30CBF48C28DE2F4100AF6E9F /* Level.swift */ = {isa = PBXFileReference; lastKnownFileType = sourcecode.swift; path = Level.swift; sourceTree = "<group>"; };
		30DD449128DF26D9007ECFB2 /* Gold.swift */ = {isa = PBXFileReference; lastKnownFileType = sourcecode.swift; path = Gold.swift; sourceTree = "<group>"; };
/* End PBXFileReference section */

/* Begin PBXFrameworksBuildPhase section */
		3004F7DE28DB337200928F12 /* Frameworks */ = {
			isa = PBXFrameworksBuildPhase;
			buildActionMask = 2147483647;
			files = (
			);
			runOnlyForDeploymentPostprocessing = 0;
		};
/* End PBXFrameworksBuildPhase section */

/* Begin PBXGroup section */
		3004F7D828DB337200928F12 = {
			isa = PBXGroup;
			children = (
				3004F7E328DB337200928F12 /* World Cup Legends */,
				3004F7E228DB337200928F12 /* Products */,
			);
			sourceTree = "<group>";
		};
		3004F7E228DB337200928F12 /* Products */ = {
			isa = PBXGroup;
			children = (
				3004F7E128DB337200928F12 /* World Cup Legends.app */,
			);
			name = Products;
			sourceTree = "<group>";
		};
		3004F7E328DB337200928F12 /* World Cup Legends */ = {
			isa = PBXGroup;
			children = (
				3004F7E428DB337200928F12 /* World_Cup_LegendsApp.swift */,
				3004F7E628DB337200928F12 /* ContentView.swift */,
				3004F7F228DB33EE00928F12 /* GameOn.swift */,
				306884AC28DCF33F000A001D /* Menu */,
				306884AD28DCF377000A001D /* Model */,
				3004F7E828DB337400928F12 /* Assets.xcassets */,
				3004F7EA28DB337400928F12 /* Preview Content */,
			);
			path = "World Cup Legends";
			sourceTree = "<group>";
		};
		3004F7EA28DB337400928F12 /* Preview Content */ = {
			isa = PBXGroup;
			children = (
				3004F7EB28DB337400928F12 /* Preview Assets.xcassets */,
			);
			path = "Preview Content";
			sourceTree = "<group>";
		};
		306884AC28DCF33F000A001D /* Menu */ = {
			isa = PBXGroup;
			children = (
				306884A428DCE644000A001D /* Menu.swift */,
				306884A828DCEC0E000A001D /* Store.swift */,
				306884AA28DCEDD2000A001D /* Stats.swift */,
				30CBF48628DDC43700AF6E9F /* LevelsView.swift */,
			);
			path = Menu;
			sourceTree = "<group>";
		};
		306884AD28DCF377000A001D /* Model */ = {
			isa = PBXGroup;
			children = (
				3004F7F628DB39A500928F12 /* QuizBrain.swift */,
				300E274628F9B8B3004BCEEA /* LevelsBrain.swift */,
				30CBF48428DDBB2400AF6E9F /* QuizLevels.swift */,
				30CBF48C28DE2F4100AF6E9F /* Level.swift */,
				30DD449128DF26D9007ECFB2 /* Gold.swift */,
				3004F7F428DB385800928F12 /* Question.swift */,
			);
			path = Model;
			sourceTree = "<group>";
		};
/* End PBXGroup section */

/* Begin PBXNativeTarget section */
		3004F7E028DB337200928F12 /* World Cup Legends */ = {
			isa = PBXNativeTarget;
			buildConfigurationList = 3004F7EF28DB337400928F12 /* Build configuration list for PBXNativeTarget "World Cup Legends" */;
			buildPhases = (
				3004F7DD28DB337200928F12 /* Sources */,
				3004F7DE28DB337200928F12 /* Frameworks */,
				3004F7DF28DB337200928F12 /* Resources */,
			);
			buildRules = (
			);
			dependencies = (
			);
			name = "World Cup Legends";
			productName = "World Cup Legends";
			productReference = 3004F7E128DB337200928F12 /* World Cup Legends.app */;
			productType = "com.apple.product-type.application";
		};
/* End PBXNativeTarget section */

/* Begin PBXProject section */
		3004F7D928DB337200928F12 /* Project object */ = {
			isa = PBXProject;
			attributes = {
				BuildIndependentTargetsInParallel = 1;
				LastSwiftUpdateCheck = 1340;
				LastUpgradeCheck = 1340;
				TargetAttributes = {
					3004F7E028DB337200928F12 = {
						CreatedOnToolsVersion = 13.4;
					};
				};
			};
			buildConfigurationList = 3004F7DC28DB337200928F12 /* Build configuration list for PBXProject "World Cup Legends" */;
			compatibilityVersion = "Xcode 13.0";
			developmentRegion = en;
			hasScannedForEncodings = 0;
			knownRegions = (
				en,
				Base,
			);
			mainGroup = 3004F7D828DB337200928F12;
			productRefGroup = 3004F7E228DB337200928F12 /* Products */;
			projectDirPath = "";
			projectRoot = "";
			targets = (
				3004F7E028DB337200928F12 /* World Cup Legends */,
			);
		};
/* End PBXProject section */

/* Begin PBXResourcesBuildPhase section */
		3004F7DF28DB337200928F12 /* Resources */ = {
			isa = PBXResourcesBuildPhase;
			buildActionMask = 2147483647;
			files = (
				3004F7EC28DB337400928F12 /* Preview Assets.xcassets in Resources */,
				3004F7E928DB337400928F12 /* Assets.xcassets in Resources */,
			);
			runOnlyForDeploymentPostprocessing = 0;
		};
/* End PBXResourcesBuildPhase section */

/* Begin PBXSourcesBuildPhase section */
		3004F7DD28DB337200928F12 /* Sources */ = {
			isa = PBXSourcesBuildPhase;
			buildActionMask = 2147483647;
			files = (
				30CBF48728DDC43700AF6E9F /* LevelsView.swift in Sources */,
				30CBF48D28DE2F4100AF6E9F /* Level.swift in Sources */,
				306884A528DCE644000A001D /* Menu.swift in Sources */,
				30DD449228DF26D9007ECFB2 /* Gold.swift in Sources */,
				30CBF48528DDBB2400AF6E9F /* QuizLevels.swift in Sources */,
				3004F7F728DB39A500928F12 /* QuizBrain.swift in Sources */,
				300E274728F9B8B3004BCEEA /* LevelsBrain.swift in Sources */,
				306884A928DCEC0E000A001D /* Store.swift in Sources */,
				3004F7F328DB33EE00928F12 /* GameOn.swift in Sources */,
				3004F7F528DB385800928F12 /* Question.swift in Sources */,
				306884AB28DCEDD2000A001D /* Stats.swift in Sources */,
				3004F7E728DB337200928F12 /* ContentView.swift in Sources */,
				3004F7E528DB337200928F12 /* World_Cup_LegendsApp.swift in Sources */,
			);
			runOnlyForDeploymentPostprocessing = 0;
		};
/* End PBXSourcesBuildPhase section */

/* Begin XCBuildConfiguration section */
		3004F7ED28DB337400928F12 /* Debug */ = {
			isa = XCBuildConfiguration;
			buildSettings = {
				ALWAYS_SEARCH_USER_PATHS = NO;
				CLANG_ANALYZER_NONNULL = YES;
				CLANG_ANALYZER_NUMBER_OBJECT_CONVERSION = YES_AGGRESSIVE;
				CLANG_CXX_LANGUAGE_STANDARD = "gnu++17";
				CLANG_ENABLE_MODULES = YES;
				CLANG_ENABLE_OBJC_ARC = YES;
				CLANG_ENABLE_OBJC_WEAK = YES;
				CLANG_WARN_BLOCK_CAPTURE_AUTORELEASING = YES;
				CLANG_WARN_BOOL_CONVERSION = YES;
				CLANG_WARN_COMMA = YES;
				CLANG_WARN_CONSTANT_CONVERSION = YES;
				CLANG_WARN_DEPRECATED_OBJC_IMPLEMENTATIONS = YES;
				CLANG_WARN_DIRECT_OBJC_ISA_USAGE = YES_ERROR;
				CLANG_WARN_DOCUMENTATION_COMMENTS = YES;
				CLANG_WARN_EMPTY_BODY = YES;
				CLANG_WARN_ENUM_CONVERSION = YES;
				CLANG_WARN_INFINITE_RECURSION = YES;
				CLANG_WARN_INT_CONVERSION = YES;
				CLANG_WARN_NON_LITERAL_NULL_CONVERSION = YES;
				CLANG_WARN_OBJC_IMPLICIT_RETAIN_SELF = YES;
				CLANG_WARN_OBJC_LITERAL_CONVERSION = YES;
				CLANG_WARN_OBJC_ROOT_CLASS = YES_ERROR;
				CLANG_WARN_QUOTED_INCLUDE_IN_FRAMEWORK_HEADER = YES;
				CLANG_WARN_RANGE_LOOP_ANALYSIS = YES;
				CLANG_WARN_STRICT_PROTOTYPES = YES;
				CLANG_WARN_SUSPICIOUS_MOVE = YES;
				CLANG_WARN_UNGUARDED_AVAILABILITY = YES_AGGRESSIVE;
				CLANG_WARN_UNREACHABLE_CODE = YES;
				CLANG_WARN__DUPLICATE_METHOD_MATCH = YES;
				COPY_PHASE_STRIP = NO;
				DEBUG_INFORMATION_FORMAT = dwarf;
				ENABLE_STRICT_OBJC_MSGSEND = YES;
				ENABLE_TESTABILITY = YES;
				GCC_C_LANGUAGE_STANDARD = gnu11;
				GCC_DYNAMIC_NO_PIC = NO;
				GCC_NO_COMMON_BLOCKS = YES;
				GCC_OPTIMIZATION_LEVEL = 0;
				GCC_PREPROCESSOR_DEFINITIONS = (
					"DEBUG=1",
					"$(inherited)",
				);
				GCC_WARN_64_TO_32_BIT_CONVERSION = YES;
				GCC_WARN_ABOUT_RETURN_TYPE = YES_ERROR;
				GCC_WARN_UNDECLARED_SELECTOR = YES;
				GCC_WARN_UNINITIALIZED_AUTOS = YES_AGGRESSIVE;
				GCC_WARN_UNUSED_FUNCTION = YES;
				GCC_WARN_UNUSED_VARIABLE = YES;
				IPHONEOS_DEPLOYMENT_TARGET = 15.5;
				MTL_ENABLE_DEBUG_INFO = INCLUDE_SOURCE;
				MTL_FAST_MATH = YES;
				ONLY_ACTIVE_ARCH = YES;
				SDKROOT = iphoneos;
				SWIFT_ACTIVE_COMPILATION_CONDITIONS = DEBUG;
				SWIFT_OPTIMIZATION_LEVEL = "-Onone";
			};
			name = Debug;
		};
		3004F7EE28DB337400928F12 /* Release */ = {
			isa = XCBuildConfiguration;
			buildSettings = {
				ALWAYS_SEARCH_USER_PATHS = NO;
				CLANG_ANALYZER_NONNULL = YES;
				CLANG_ANALYZER_NUMBER_OBJECT_CONVERSION = YES_AGGRESSIVE;
				CLANG_CXX_LANGUAGE_STANDARD = "gnu++17";
				CLANG_ENABLE_MODULES = YES;
				CLANG_ENABLE_OBJC_ARC = YES;
				CLANG_ENABLE_OBJC_WEAK = YES;
				CLANG_WARN_BLOCK_CAPTURE_AUTORELEASING = YES;
				CLANG_WARN_BOOL_CONVERSION = YES;
				CLANG_WARN_COMMA = YES;
				CLANG_WARN_CONSTANT_CONVERSION = YES;
				CLANG_WARN_DEPRECATED_OBJC_IMPLEMENTATIONS = YES;
				CLANG_WARN_DIRECT_OBJC_ISA_USAGE = YES_ERROR;
				CLANG_WARN_DOCUMENTATION_COMMENTS = YES;
				CLANG_WARN_EMPTY_BODY = YES;
				CLANG_WARN_ENUM_CONVERSION = YES;
				CLANG_WARN_INFINITE_RECURSION = YES;
				CLANG_WARN_INT_CONVERSION = YES;
				CLANG_WARN_NON_LITERAL_NULL_CONVERSION = YES;
				CLANG_WARN_OBJC_IMPLICIT_RETAIN_SELF = YES;
				CLANG_WARN_OBJC_LITERAL_CONVERSION = YES;
				CLANG_WARN_OBJC_ROOT_CLASS = YES_ERROR;
				CLANG_WARN_QUOTED_INCLUDE_IN_FRAMEWORK_HEADER = YES;
				CLANG_WARN_RANGE_LOOP_ANALYSIS = YES;
				CLANG_WARN_STRICT_PROTOTYPES = YES;
				CLANG_WARN_SUSPICIOUS_MOVE = YES;
				CLANG_WARN_UNGUARDED_AVAILABILITY = YES_AGGRESSIVE;
				CLANG_WARN_UNREACHABLE_CODE = YES;
				CLANG_WARN__DUPLICATE_METHOD_MATCH = YES;
				COPY_PHASE_STRIP = NO;
				DEBUG_INFORMATION_FORMAT = "dwarf-with-dsym";
				ENABLE_NS_ASSERTIONS = NO;
				ENABLE_STRICT_OBJC_MSGSEND = YES;
				GCC_C_LANGUAGE_STANDARD = gnu11;
				GCC_NO_COMMON_BLOCKS = YES;
				GCC_WARN_64_TO_32_BIT_CONVERSION = YES;
				GCC_WARN_ABOUT_RETURN_TYPE = YES_ERROR;
				GCC_WARN_UNDECLARED_SELECTOR = YES;
				GCC_WARN_UNINITIALIZED_AUTOS = YES_AGGRESSIVE;
				GCC_WARN_UNUSED_FUNCTION = YES;
				GCC_WARN_UNUSED_VARIABLE = YES;
				IPHONEOS_DEPLOYMENT_TARGET = 15.5;
				MTL_ENABLE_DEBUG_INFO = NO;
				MTL_FAST_MATH = YES;
				SDKROOT = iphoneos;
				SWIFT_COMPILATION_MODE = wholemodule;
				SWIFT_OPTIMIZATION_LEVEL = "-O";
				VALIDATE_PRODUCT = YES;
			};
			name = Release;
		};
		3004F7F028DB337400928F12 /* Debug */ = {
			isa = XCBuildConfiguration;
			buildSettings = {
				ASSETCATALOG_COMPILER_APPICON_NAME = AppIcon;
				ASSETCATALOG_COMPILER_GLOBAL_ACCENT_COLOR_NAME = AccentColor;
				CODE_SIGN_STYLE = Automatic;
				CURRENT_PROJECT_VERSION = 1;
				DEVELOPMENT_ASSET_PATHS = "\"World Cup Legends/Preview Content\"";
				DEVELOPMENT_TEAM = 33YG475KJM;
				ENABLE_PREVIEWS = YES;
				GENERATE_INFOPLIST_FILE = YES;
				INFOPLIST_KEY_UIApplicationSceneManifest_Generation = YES;
				INFOPLIST_KEY_UIApplicationSupportsIndirectInputEvents = YES;
				INFOPLIST_KEY_UILaunchScreen_Generation = YES;
				INFOPLIST_KEY_UISupportedInterfaceOrientations_iPad = "UIInterfaceOrientationPortrait UIInterfaceOrientationPortraitUpsideDown UIInterfaceOrientationLandscapeLeft UIInterfaceOrientationLandscapeRight";
				INFOPLIST_KEY_UISupportedInterfaceOrientations_iPhone = "UIInterfaceOrientationPortrait UIInterfaceOrientationLandscapeLeft UIInterfaceOrientationLandscapeRight";
				LD_RUNPATH_SEARCH_PATHS = (
					"$(inherited)",
					"@executable_path/Frameworks",
				);
				MARKETING_VERSION = 1.0;
				PRODUCT_BUNDLE_IDENTIFIER = com.valeriandevs.wclegends;
				PRODUCT_NAME = "$(TARGET_NAME)";
				SWIFT_EMIT_LOC_STRINGS = YES;
				SWIFT_VERSION = 5.0;
				TARGETED_DEVICE_FAMILY = "1,2";
			};
			name = Debug;
		};
		3004F7F128DB337400928F12 /* Release */ = {
			isa = XCBuildConfiguration;
			buildSettings = {
				ASSETCATALOG_COMPILER_APPICON_NAME = AppIcon;
				ASSETCATALOG_COMPILER_GLOBAL_ACCENT_COLOR_NAME = AccentColor;
				CODE_SIGN_STYLE = Automatic;
				CURRENT_PROJECT_VERSION = 1;
				DEVELOPMENT_ASSET_PATHS = "\"World Cup Legends/Preview Content\"";
				DEVELOPMENT_TEAM = 33YG475KJM;
				ENABLE_PREVIEWS = YES;
				GENERATE_INFOPLIST_FILE = YES;
				INFOPLIST_KEY_UIApplicationSceneManifest_Generation = YES;
				INFOPLIST_KEY_UIApplicationSupportsIndirectInputEvents = YES;
				INFOPLIST_KEY_UILaunchScreen_Generation = YES;
				INFOPLIST_KEY_UISupportedInterfaceOrientations_iPad = "UIInterfaceOrientationPortrait UIInterfaceOrientationPortraitUpsideDown UIInterfaceOrientationLandscapeLeft UIInterfaceOrientationLandscapeRight";
				INFOPLIST_KEY_UISupportedInterfaceOrientations_iPhone = "UIInterfaceOrientationPortrait UIInterfaceOrientationLandscapeLeft UIInterfaceOrientationLandscapeRight";
				LD_RUNPATH_SEARCH_PATHS = (
					"$(inherited)",
					"@executable_path/Frameworks",
				);
				MARKETING_VERSION = 1.0;
				PRODUCT_BUNDLE_IDENTIFIER = com.valeriandevs.wclegends;
				PRODUCT_NAME = "$(TARGET_NAME)";
				SWIFT_EMIT_LOC_STRINGS = YES;
				SWIFT_VERSION = 5.0;
				TARGETED_DEVICE_FAMILY = "1,2";
			};
			name = Release;
		};
/* End XCBuildConfiguration section */

/* Begin XCConfigurationList section */
		3004F7DC28DB337200928F12 /* Build configuration list for PBXProject "World Cup Legends" */ = {
			isa = XCConfigurationList;
			buildConfigurations = (
				3004F7ED28DB337400928F12 /* Debug */,
				3004F7EE28DB337400928F12 /* Release */,
			);
			defaultConfigurationIsVisible = 0;
			defaultConfigurationName = Release;
		};
		3004F7EF28DB337400928F12 /* Build configuration list for PBXNativeTarget "World Cup Legends" */ = {
			isa = XCConfigurationList;
			buildConfigurations = (
				3004F7F028DB337400928F12 /* Debug */,
				3004F7F128DB337400928F12 /* Release */,
			);
			defaultConfigurationIsVisible = 0;
			defaultConfigurationName = Release;
		};
/* End XCConfigurationList section */
	};
	rootObject = 3004F7D928DB337200928F12 /* Project object */;
}
